
Microsoft Visual Studio Solution File, Format Version 12.00
# Visual Studio Version 16
VisualStudioVersion = 16.0.30717.126
MinimumVisualStudioVersion = 10.0.40219.1
Project("{FAE04EC0-301F-11D3-BF4B-00C04F79EFBC}") = "Neuroam", "Neuroam\Neuroam.csproj", "{767702E3-AC3B-4652-A168-DDD64A52F3EF}"
EndProject
Project("{9A19103F-16F7-4668-BE54-9A1E7A4F7556}") = "NeuroamCore", "NeuroamCore\NeuroamCore.csproj", "{3B0AD359-6B94-4158-8E84-648F1000D2D5}"
EndProject
Project("{FAE04EC0-301F-11D3-BF4B-00C04F79EFBC}") = "NeuroamCoreTest", "NeuroamCoreTest\NeuroamCoreTest.csproj", "{C1E76055-D3F8-4D8D-A55F-7544E39F2E93}"
EndProject
Global
	GlobalSection(SolutionConfigurationPlatforms) = preSolution
		Debug|Any CPU = Debug|Any CPU
		Release|Any CPU = Release|Any CPU
	EndGlobalSection
	GlobalSection(ProjectConfigurationPlatforms) = postSolution
		{767702E3-AC3B-4652-A168-DDD64A52F3EF}.Debug|Any CPU.ActiveCfg = Debug|Any CPU
		{767702E3-AC3B-4652-A168-DDD64A52F3EF}.Debug|Any CPU.Build.0 = Debug|Any CPU
		{767702E3-AC3B-4652-A168-DDD64A52F3EF}.Release|Any CPU.ActiveCfg = Release|Any CPU
		{767702E3-AC3B-4652-A168-DDD64A52F3EF}.Release|Any CPU.Build.0 = Release|Any CPU
		{3B0AD359-6B94-4158-8E84-648F1000D2D5}.Debug|Any CPU.ActiveCfg = Debug|Any CPU
		{3B0AD359-6B94-4158-8E84-648F1000D2D5}.Debug|Any CPU.Build.0 = Debug|Any CPU
		{3B0AD359-6B94-4158-8E84-648F1000D2D5}.Release|Any CPU.ActiveCfg = Release|Any CPU
		{3B0AD359-6B94-4158-8E84-648F1000D2D5}.Release|Any CPU.Build.0 = Release|Any CPU
		{C1E76055-D3F8-4D8D-A55F-7544E39F2E93}.Debug|Any CPU.ActiveCfg = Debug|Any CPU
		{C1E76055-D3F8-4D8D-A55F-7544E39F2E93}.Debug|Any CPU.Build.0 = Debug|Any CPU
		{C1E76055-D3F8-4D8D-A55F-7544E39F2E93}.Release|Any CPU.ActiveCfg = Release|Any CPU
		{C1E76055-D3F8-4D8D-A55F-7544E39F2E93}.Release|Any CPU.Build.0 = Release|Any CPU
	EndGlobalSection
	GlobalSection(SolutionProperties) = preSolution
		HideSolutionNode = FALSE
	EndGlobalSection
	GlobalSection(ExtensibilityGlobals) = postSolution
		SolutionGuid = {6662E243-D19A-48AC-87AB-7AD7B94D515E}
	EndGlobalSection
EndGlobal
